
Microsoft Visual Studio Solution File, Format Version 12.00
# Visual Studio Version 17
VisualStudioVersion = 17.2.32526.322
MinimumVisualStudioVersion = 10.0.40219.1
Project("{FAE04EC0-301F-11D3-BF4B-00C04F79EFBC}") = "Unowhy Tools", "Unowhy Tools\Unowhy Tools.csproj", "{1B46FFC4-255B-4C29-A5DD-C76DB5F18B8B}"
EndProject
Project("{FAE04EC0-301F-11D3-BF4B-00C04F79EFBC}") = "Unowhy Tools Updater", "Unowhy Tools Updater\Unowhy Tools Updater.csproj", "{D776C128-5927-465A-A314-C42B440D8705}"
EndProject
Project("{FAE04EC0-301F-11D3-BF4B-00C04F79EFBC}") = "Unowhy Tools Installer", "Unowhy Tools Installer\Unowhy Tools Installer.csproj", "{AA1123CD-8600-406E-BFD9-1CB215C385B5}"
EndProject
Project("{FAE04EC0-301F-11D3-BF4B-00C04F79EFBC}") = "Unowhy Tools Uninstaller", "Unowhy Tools Uninstaller\Unowhy Tools Uninstaller.csproj", "{47DA38A6-1637-4867-BD7F-07089475B3E4}"
EndProject
Project("{FAE04EC0-301F-11D3-BF4B-00C04F79EFBC}") = "Unowhy Tools Updater Script", "Unowhy Tools Updater Script\Unowhy Tools Updater Script.csproj", "{E7411345-F613-4113-B794-0778D8CCE4C3}"
EndProject
Global
	GlobalSection(SolutionConfigurationPlatforms) = preSolution
		Debug|Any CPU = Debug|Any CPU
		Debug|arm64 = Debug|arm64
		Debug|x64 = Debug|x64
		Debug|x86 = Debug|x86
		Release|Any CPU = Release|Any CPU
		Release|arm64 = Release|arm64
		Release|x64 = Release|x64
		Release|x86 = Release|x86
	EndGlobalSection
	GlobalSection(ProjectConfigurationPlatforms) = postSolution
		{1B46FFC4-255B-4C29-A5DD-C76DB5F18B8B}.Debug|Any CPU.ActiveCfg = Debug|Any CPU
		{1B46FFC4-255B-4C29-A5DD-C76DB5F18B8B}.Debug|Any CPU.Build.0 = Debug|Any CPU
		{1B46FFC4-255B-4C29-A5DD-C76DB5F18B8B}.Debug|arm64.ActiveCfg = Debug|Any CPU
		{1B46FFC4-255B-4C29-A5DD-C76DB5F18B8B}.Debug|arm64.Build.0 = Debug|Any CPU
		{1B46FFC4-255B-4C29-A5DD-C76DB5F18B8B}.Debug|x64.ActiveCfg = Debug|Any CPU
		{1B46FFC4-255B-4C29-A5DD-C76DB5F18B8B}.Debug|x64.Build.0 = Debug|Any CPU
		{1B46FFC4-255B-4C29-A5DD-C76DB5F18B8B}.Debug|x86.ActiveCfg = Debug|Any CPU
		{1B46FFC4-255B-4C29-A5DD-C76DB5F18B8B}.Debug|x86.Build.0 = Debug|Any CPU
		{1B46FFC4-255B-4C29-A5DD-C76DB5F18B8B}.Release|Any CPU.ActiveCfg = Release|Any CPU
		{1B46FFC4-255B-4C29-A5DD-C76DB5F18B8B}.Release|Any CPU.Build.0 = Release|Any CPU
		{1B46FFC4-255B-4C29-A5DD-C76DB5F18B8B}.Release|arm64.ActiveCfg = Release|Any CPU
		{1B46FFC4-255B-4C29-A5DD-C76DB5F18B8B}.Release|arm64.Build.0 = Release|Any CPU
		{1B46FFC4-255B-4C29-A5DD-C76DB5F18B8B}.Release|x64.ActiveCfg = Release|Any CPU
		{1B46FFC4-255B-4C29-A5DD-C76DB5F18B8B}.Release|x64.Build.0 = Release|Any CPU
		{1B46FFC4-255B-4C29-A5DD-C76DB5F18B8B}.Release|x86.ActiveCfg = Release|Any CPU
		{1B46FFC4-255B-4C29-A5DD-C76DB5F18B8B}.Release|x86.Build.0 = Release|Any CPU
		{D776C128-5927-465A-A314-C42B440D8705}.Debug|Any CPU.ActiveCfg = Debug|Any CPU
		{D776C128-5927-465A-A314-C42B440D8705}.Debug|Any CPU.Build.0 = Debug|Any CPU
		{D776C128-5927-465A-A314-C42B440D8705}.Debug|arm64.ActiveCfg = Debug|Any CPU
		{D776C128-5927-465A-A314-C42B440D8705}.Debug|arm64.Build.0 = Debug|Any CPU
		{D776C128-5927-465A-A314-C42B440D8705}.Debug|x64.ActiveCfg = Debug|Any CPU
		{D776C128-5927-465A-A314-C42B440D8705}.Debug|x64.Build.0 = Debug|Any CPU
		{D776C128-5927-465A-A314-C42B440D8705}.Debug|x86.ActiveCfg = Debug|Any CPU
		{D776C128-5927-465A-A314-C42B440D8705}.Debug|x86.Build.0 = Debug|Any CPU
		{D776C128-5927-465A-A314-C42B440D8705}.Release|Any CPU.ActiveCfg = Release|Any CPU
		{D776C128-5927-465A-A314-C42B440D8705}.Release|Any CPU.Build.0 = Release|Any CPU
		{D776C128-5927-465A-A314-C42B440D8705}.Release|arm64.ActiveCfg = Release|Any CPU
		{D776C128-5927-465A-A314-C42B440D8705}.Release|arm64.Build.0 = Release|Any CPU
		{D776C128-5927-465A-A314-C42B440D8705}.Release|x64.ActiveCfg = Release|Any CPU
		{D776C128-5927-465A-A314-C42B440D8705}.Release|x64.Build.0 = Release|Any CPU
		{D776C128-5927-465A-A314-C42B440D8705}.Release|x86.ActiveCfg = Release|Any CPU
		{D776C128-5927-465A-A314-C42B440D8705}.Release|x86.Build.0 = Release|Any CPU
		{AA1123CD-8600-406E-BFD9-1CB215C385B5}.Debug|Any CPU.ActiveCfg = Debug|Any CPU
		{AA1123CD-8600-406E-BFD9-1CB215C385B5}.Debug|Any CPU.Build.0 = Debug|Any CPU
		{AA1123CD-8600-406E-BFD9-1CB215C385B5}.Debug|arm64.ActiveCfg = Debug|Any CPU
		{AA1123CD-8600-406E-BFD9-1CB215C385B5}.Debug|arm64.Build.0 = Debug|Any CPU
		{AA1123CD-8600-406E-BFD9-1CB215C385B5}.Debug|x64.ActiveCfg = Debug|Any CPU
		{AA1123CD-8600-406E-BFD9-1CB215C385B5}.Debug|x64.Build.0 = Debug|Any CPU
		{AA1123CD-8600-406E-BFD9-1CB215C385B5}.Debug|x86.ActiveCfg = Debug|Any CPU
		{AA1123CD-8600-406E-BFD9-1CB215C385B5}.Debug|x86.Build.0 = Debug|Any CPU
		{AA1123CD-8600-406E-BFD9-1CB215C385B5}.Release|Any CPU.ActiveCfg = Release|Any CPU
		{AA1123CD-8600-406E-BFD9-1CB215C385B5}.Release|Any CPU.Build.0 = Release|Any CPU
		{AA1123CD-8600-406E-BFD9-1CB215C385B5}.Release|arm64.ActiveCfg = Release|Any CPU
		{AA1123CD-8600-406E-BFD9-1CB215C385B5}.Release|arm64.Build.0 = Release|Any CPU
		{AA1123CD-8600-406E-BFD9-1CB215C385B5}.Release|x64.ActiveCfg = Release|Any CPU
		{AA1123CD-8600-406E-BFD9-1CB215C385B5}.Release|x64.Build.0 = Release|Any CPU
		{AA1123CD-8600-406E-BFD9-1CB215C385B5}.Release|x86.ActiveCfg = Release|Any CPU
		{AA1123CD-8600-406E-BFD9-1CB215C385B5}.Release|x86.Build.0 = Release|Any CPU
		{47DA38A6-1637-4867-BD7F-07089475B3E4}.Debug|Any CPU.ActiveCfg = Debug|Any CPU
		{47DA38A6-1637-4867-BD7F-07089475B3E4}.Debug|Any CPU.Build.0 = Debug|Any CPU
		{47DA38A6-1637-4867-BD7F-07089475B3E4}.Debug|arm64.ActiveCfg = Debug|Any CPU
		{47DA38A6-1637-4867-BD7F-07089475B3E4}.Debug|arm64.Build.0 = Debug|Any CPU
		{47DA38A6-1637-4867-BD7F-07089475B3E4}.Debug|x64.ActiveCfg = Debug|Any CPU
		{47DA38A6-1637-4867-BD7F-07089475B3E4}.Debug|x64.Build.0 = Debug|Any CPU
		{47DA38A6-1637-4867-BD7F-07089475B3E4}.Debug|x86.ActiveCfg = Debug|Any CPU
		{47DA38A6-1637-4867-BD7F-07089475B3E4}.Debug|x86.Build.0 = Debug|Any CPU
		{47DA38A6-1637-4867-BD7F-07089475B3E4}.Release|Any CPU.ActiveCfg = Release|Any CPU
		{47DA38A6-1637-4867-BD7F-07089475B3E4}.Release|Any CPU.Build.0 = Release|Any CPU
		{47DA38A6-1637-4867-BD7F-07089475B3E4}.Release|arm64.ActiveCfg = Release|Any CPU
		{47DA38A6-1637-4867-BD7F-07089475B3E4}.Release|arm64.Build.0 = Release|Any CPU
		{47DA38A6-1637-4867-BD7F-07089475B3E4}.Release|x64.ActiveCfg = Release|Any CPU
		{47DA38A6-1637-4867-BD7F-07089475B3E4}.Release|x64.Build.0 = Release|Any CPU
		{47DA38A6-1637-4867-BD7F-07089475B3E4}.Release|x86.ActiveCfg = Release|Any CPU
		{47DA38A6-1637-4867-BD7F-07089475B3E4}.Release|x86.Build.0 = Release|Any CPU
		{E7411345-F613-4113-B794-0778D8CCE4C3}.Debug|Any CPU.ActiveCfg = Debug|Any CPU
		{E7411345-F613-4113-B794-0778D8CCE4C3}.Debug|Any CPU.Build.0 = Debug|Any CPU
		{E7411345-F613-4113-B794-0778D8CCE4C3}.Debug|arm64.ActiveCfg = Debug|Any CPU
		{E7411345-F613-4113-B794-0778D8CCE4C3}.Debug|arm64.Build.0 = Debug|Any CPU
		{E7411345-F613-4113-B794-0778D8CCE4C3}.Debug|x64.ActiveCfg = Debug|Any CPU
		{E7411345-F613-4113-B794-0778D8CCE4C3}.Debug|x64.Build.0 = Debug|Any CPU
		{E7411345-F613-4113-B794-0778D8CCE4C3}.Debug|x86.ActiveCfg = Debug|Any CPU
		{E7411345-F613-4113-B794-0778D8CCE4C3}.Debug|x86.Build.0 = Debug|Any CPU
		{E7411345-F613-4113-B794-0778D8CCE4C3}.Release|Any CPU.ActiveCfg = Release|Any CPU
		{E7411345-F613-4113-B794-0778D8CCE4C3}.Release|Any CPU.Build.0 = Release|Any CPU
		{E7411345-F613-4113-B794-0778D8CCE4C3}.Release|arm64.ActiveCfg = Release|Any CPU
		{E7411345-F613-4113-B794-0778D8CCE4C3}.Release|arm64.Build.0 = Release|Any CPU
		{E7411345-F613-4113-B794-0778D8CCE4C3}.Release|x64.ActiveCfg = Release|Any CPU
		{E7411345-F613-4113-B794-0778D8CCE4C3}.Release|x64.Build.0 = Release|Any CPU
		{E7411345-F613-4113-B794-0778D8CCE4C3}.Release|x86.ActiveCfg = Release|Any CPU
		{E7411345-F613-4113-B794-0778D8CCE4C3}.Release|x86.Build.0 = Release|Any CPU
	EndGlobalSection
	GlobalSection(SolutionProperties) = preSolution
		HideSolutionNode = FALSE
	EndGlobalSection
	GlobalSection(ExtensibilityGlobals) = postSolution
		SolutionGuid = {46D4E46A-5B63-4F49-98F6-4F025357FCB8}
	EndGlobalSection
EndGlobal
